
Microsoft Visual Studio Solution File, Format Version 12.00
# Visual Studio Version 16
VisualStudioVersion = 16.0.29920.165
MinimumVisualStudioVersion = 10.0.40219.1
Project("{8BC9CEB8-8B4A-11D0-8D11-00A0C91BC942}") = "src", "vs-project\SimpleFramework.vcxproj", "{41626E95-6727-4DC1-8CE6-53BBA63E6C0D}"
EndProject
Global
	GlobalSection(SolutionConfigurationPlatforms) = preSolution
		Debug|x64 = Debug|x64
		Debug|x86 = Debug|x86
		Release|x64 = Release|x64
		Release|x86 = Release|x86
	EndGlobalSection
	GlobalSection(ProjectConfigurationPlatforms) = postSolution
		{41626E95-6727-4DC1-8CE6-53BBA63E6C0D}.Debug|x64.ActiveCfg = Debug|x64
		{41626E95-6727-4DC1-8CE6-53BBA63E6C0D}.Debug|x64.Build.0 = Debug|x64
		{41626E95-6727-4DC1-8CE6-53BBA63E6C0D}.Debug|x86.ActiveCfg = Debug|Win32
		{41626E95-6727-4DC1-8CE6-53BBA63E6C0D}.Debug|x86.Build.0 = Debug|Win32
		{41626E95-6727-4DC1-8CE6-53BBA63E6C0D}.Release|x64.ActiveCfg = Release|x64
		{41626E95-6727-4DC1-8CE6-53BBA63E6C0D}.Release|x64.Build.0 = Release|x64
		{41626E95-6727-4DC1-8CE6-53BBA63E6C0D}.Release|x86.ActiveCfg = Release|Win32
		{41626E95-6727-4DC1-8CE6-53BBA63E6C0D}.Release|x86.Build.0 = Release|Win32
	EndGlobalSection
	GlobalSection(SolutionProperties) = preSolution
		HideSolutionNode = FALSE
	EndGlobalSection
	GlobalSection(ExtensibilityGlobals) = postSolution
		SolutionGuid = {B7BBE063-A60E-4FFF-9905-57EB2EDF64DF}
	EndGlobalSection
EndGlobal
